
Microsoft Visual Studio Solution File, Format Version 12.00
# Visual Studio 15
VisualStudioVersion = 15.0.28307.1169
MinimumVisualStudioVersion = 10.0.40219.1
Project("{FAE04EC0-301F-11D3-BF4B-00C04F79EFBC}") = "InterestExplorerApp.WebUI", "InterestExplorerApp\InterestExplorerApp.WebUI.csproj", "{C3D9FB9A-6B8C-4EC7-9FED-26C1BD7F0857}"
EndProject
Project("{FAE04EC0-301F-11D3-BF4B-00C04F79EFBC}") = "InterestExplorerApp.Entities", "InterestExplorerApp.Entities\InterestExplorerApp.Entities.csproj", "{6B229F79-25BF-4994-B890-78E7556541B2}"
EndProject
Project("{FAE04EC0-301F-11D3-BF4B-00C04F79EFBC}") = "InterestExplorerApp.Dal", "InterestExplorerApp.Dal\InterestExplorerApp.Dal.csproj", "{1D705778-4034-4709-81F9-92CEAF790518}"
EndProject
Project("{FAE04EC0-301F-11D3-BF4B-00C04F79EFBC}") = "InterestExplorerApp.Bll", "InterestExplorerApp.Bll\InterestExplorerApp.Bll.csproj", "{54ECF5FC-396C-4E00-92F1-707A478E2600}"
EndProject
Global
	GlobalSection(SolutionConfigurationPlatforms) = preSolution
		Debug|Any CPU = Debug|Any CPU
		Release|Any CPU = Release|Any CPU
	EndGlobalSection
	GlobalSection(ProjectConfigurationPlatforms) = postSolution
		{C3D9FB9A-6B8C-4EC7-9FED-26C1BD7F0857}.Debug|Any CPU.ActiveCfg = Debug|Any CPU
		{C3D9FB9A-6B8C-4EC7-9FED-26C1BD7F0857}.Debug|Any CPU.Build.0 = Debug|Any CPU
		{C3D9FB9A-6B8C-4EC7-9FED-26C1BD7F0857}.Release|Any CPU.ActiveCfg = Release|Any CPU
		{C3D9FB9A-6B8C-4EC7-9FED-26C1BD7F0857}.Release|Any CPU.Build.0 = Release|Any CPU
		{6B229F79-25BF-4994-B890-78E7556541B2}.Debug|Any CPU.ActiveCfg = Debug|Any CPU
		{6B229F79-25BF-4994-B890-78E7556541B2}.Debug|Any CPU.Build.0 = Debug|Any CPU
		{6B229F79-25BF-4994-B890-78E7556541B2}.Release|Any CPU.ActiveCfg = Release|Any CPU
		{6B229F79-25BF-4994-B890-78E7556541B2}.Release|Any CPU.Build.0 = Release|Any CPU
		{1D705778-4034-4709-81F9-92CEAF790518}.Debug|Any CPU.ActiveCfg = Debug|Any CPU
		{1D705778-4034-4709-81F9-92CEAF790518}.Debug|Any CPU.Build.0 = Debug|Any CPU
		{1D705778-4034-4709-81F9-92CEAF790518}.Release|Any CPU.ActiveCfg = Release|Any CPU
		{1D705778-4034-4709-81F9-92CEAF790518}.Release|Any CPU.Build.0 = Release|Any CPU
		{54ECF5FC-396C-4E00-92F1-707A478E2600}.Debug|Any CPU.ActiveCfg = Debug|Any CPU
		{54ECF5FC-396C-4E00-92F1-707A478E2600}.Debug|Any CPU.Build.0 = Debug|Any CPU
		{54ECF5FC-396C-4E00-92F1-707A478E2600}.Release|Any CPU.ActiveCfg = Release|Any CPU
		{54ECF5FC-396C-4E00-92F1-707A478E2600}.Release|Any CPU.Build.0 = Release|Any CPU
	EndGlobalSection
	GlobalSection(SolutionProperties) = preSolution
		HideSolutionNode = FALSE
	EndGlobalSection
	GlobalSection(ExtensibilityGlobals) = postSolution
		SolutionGuid = {2669283D-345F-4AD6-9C9E-29C56052200F}
	EndGlobalSection
EndGlobal
